
Microsoft Visual Studio Solution File, Format Version 12.00
# Visual Studio 2013
VisualStudioVersion = 12.0.31101.0
MinimumVisualStudioVersion = 10.0.40219.1
Project("{FAE04EC0-301F-11D3-BF4B-00C04F79EFBC}") = "TrafficMonitor", "TrafficMonitor.csproj", "{3041A948-27B4-4F44-88D7-9CE1D90E3832}"
EndProject
Global
	GlobalSection(SolutionConfigurationPlatforms) = preSolution
		Debug|Any CPU = Debug|Any CPU
		Release|Any CPU = Release|Any CPU
	EndGlobalSection
	GlobalSection(ProjectConfigurationPlatforms) = postSolution
		{3041A948-27B4-4F44-88D7-9CE1D90E3832}.Debug|Any CPU.ActiveCfg = Debug|Any CPU
		{3041A948-27B4-4F44-88D7-9CE1D90E3832}.Debug|Any CPU.Build.0 = Debug|Any CPU
		{3041A948-27B4-4F44-88D7-9CE1D90E3832}.Release|Any CPU.ActiveCfg = Release|Any CPU
		{3041A948-27B4-4F44-88D7-9CE1D90E3832}.Release|Any CPU.Build.0 = Release|Any CPU
	EndGlobalSection
	GlobalSection(SolutionProperties) = preSolution
		HideSolutionNode = FALSE
	EndGlobalSection
EndGlobal
